
Microsoft Visual Studio Solution File, Format Version 12.00
# Visual Studio Version 17
VisualStudioVersion = 17.14.36221.1 d17.14
MinimumVisualStudioVersion = 10.0.40219.1
Project("{FAE04EC0-301F-11D3-BF4B-00C04F79EFBC}") = "HashCompareBench", "HashCompareBench.csproj", "{80535F4F-CA22-46C4-94E4-A357BEE881DA}"
EndProject
Global
	GlobalSection(SolutionConfigurationPlatforms) = preSolution
		Debug|Any CPU = Debug|Any CPU
		Release|Any CPU = Release|Any CPU
	EndGlobalSection
	GlobalSection(ProjectConfigurationPlatforms) = postSolution
		{80535F4F-CA22-46C4-94E4-A357BEE881DA}.Debug|Any CPU.ActiveCfg = Debug|Any CPU
		{80535F4F-CA22-46C4-94E4-A357BEE881DA}.Debug|Any CPU.Build.0 = Debug|Any CPU
		{80535F4F-CA22-46C4-94E4-A357BEE881DA}.Release|Any CPU.ActiveCfg = Release|Any CPU
		{80535F4F-CA22-46C4-94E4-A357BEE881DA}.Release|Any CPU.Build.0 = Release|Any CPU
	EndGlobalSection
	GlobalSection(SolutionProperties) = preSolution
		HideSolutionNode = FALSE
	EndGlobalSection
	GlobalSection(ExtensibilityGlobals) = postSolution
		SolutionGuid = {84D3C09E-EB1E-48BF-A320-D1FB1C9BE257}
	EndGlobalSection
EndGlobal
